
Microsoft Visual Studio Solution File, Format Version 12.00
# Visual Studio Version 16
VisualStudioVersion = 16.0.31019.35
MinimumVisualStudioVersion = 10.0.40219.1
Project("{FAE04EC0-301F-11D3-BF4B-00C04F79EFBC}") = "AES_Fencrypt_GUI", "AES_Fencrypt_GUI\AES_Fencrypt_GUI.csproj", "{283E127C-6901-41E4-94C8-A69D519B399F}"
EndProject
Global
	GlobalSection(SolutionConfigurationPlatforms) = preSolution
		Debug|Any CPU = Debug|Any CPU
		Release|Any CPU = Release|Any CPU
	EndGlobalSection
	GlobalSection(ProjectConfigurationPlatforms) = postSolution
		{283E127C-6901-41E4-94C8-A69D519B399F}.Debug|Any CPU.ActiveCfg = Debug|Any CPU
		{283E127C-6901-41E4-94C8-A69D519B399F}.Debug|Any CPU.Build.0 = Debug|Any CPU
		{283E127C-6901-41E4-94C8-A69D519B399F}.Release|Any CPU.ActiveCfg = Release|Any CPU
		{283E127C-6901-41E4-94C8-A69D519B399F}.Release|Any CPU.Build.0 = Release|Any CPU
	EndGlobalSection
	GlobalSection(SolutionProperties) = preSolution
		HideSolutionNode = FALSE
	EndGlobalSection
	GlobalSection(ExtensibilityGlobals) = postSolution
		SolutionGuid = {42E1834B-EE76-4233-90CB-2451752EAAB0}
	EndGlobalSection
EndGlobal
